
Microsoft Visual Studio Solution File, Format Version 12.00
# Visual Studio 14
VisualStudioVersion = 14.0.25420.1
MinimumVisualStudioVersion = 10.0.40219.1
Project("{FAE04EC0-301F-11D3-BF4B-00C04F79EFBC}") = "FibonacciRange", "src\FibonacciRange\FibonacciRange.csproj", "{3A3B31DC-7653-480D-89C5-8B55D16DEA2E}"
EndProject
Project("{FAE04EC0-301F-11D3-BF4B-00C04F79EFBC}") = "FibonacciRange.Tests", "src\FibonacciRange.Tests\FibonacciRange.Tests.csproj", "{9360BF2D-8BF3-46F3-972B-A90D5C43F909}"
EndProject
Global
	GlobalSection(SolutionConfigurationPlatforms) = preSolution
		Debug|Any CPU = Debug|Any CPU
		Release|Any CPU = Release|Any CPU
	EndGlobalSection
	GlobalSection(ProjectConfigurationPlatforms) = postSolution
		{3A3B31DC-7653-480D-89C5-8B55D16DEA2E}.Debug|Any CPU.ActiveCfg = Debug|Any CPU
		{3A3B31DC-7653-480D-89C5-8B55D16DEA2E}.Debug|Any CPU.Build.0 = Debug|Any CPU
		{3A3B31DC-7653-480D-89C5-8B55D16DEA2E}.Release|Any CPU.ActiveCfg = Release|Any CPU
		{3A3B31DC-7653-480D-89C5-8B55D16DEA2E}.Release|Any CPU.Build.0 = Release|Any CPU
		{9360BF2D-8BF3-46F3-972B-A90D5C43F909}.Debug|Any CPU.ActiveCfg = Debug|Any CPU
		{9360BF2D-8BF3-46F3-972B-A90D5C43F909}.Debug|Any CPU.Build.0 = Debug|Any CPU
		{9360BF2D-8BF3-46F3-972B-A90D5C43F909}.Release|Any CPU.ActiveCfg = Release|Any CPU
		{9360BF2D-8BF3-46F3-972B-A90D5C43F909}.Release|Any CPU.Build.0 = Release|Any CPU
	EndGlobalSection
	GlobalSection(SolutionProperties) = preSolution
		HideSolutionNode = FALSE
	EndGlobalSection
EndGlobal
